PODS:
  - GHCryptoKit (0.0.0)
  - SDWebImage (0.1.0):
    - GHCryptoKit

DEPENDENCIES:
  - "GHCryptoKit (from `git@github.com:GoveeHomeApp/GHCryptoKit.git`, branch `develop`)"
  - SDWebImage (from `../`)

EXTERNAL SOURCES:
  GHCryptoKit:
    :branch: develop
    :git: "git@github.com:GoveeHomeApp/GHCryptoKit.git"
  SDWebImage:
    :path: "../"

CHECKOUT OPTIONS:
  GHCryptoKit:
    :commit: 25bd629756bb337702dc95905761f880559ed9f1
    :git: "git@github.com:GoveeHomeApp/GHCryptoKit.git"

SPEC CHECKSUMS:
  GHCryptoKit: d4ffd316342e6735d162d20242b9d2ec7801a86e
  SDWebImage: 2539ef966a38f4d14e057d5e51e3ab922524a261

PODFILE CHECKSUM: ecb0f6d0dde16163cc84b259b253c76f3dc71c4c

COCOAPODS: 1.15.2
